{
  "version": 4,
  "terraform_version": "1.14.8",
  "serial": 14,
  "lineage": "635735db-e2b3-142a-5ca1-c1f6838f2e4c",
  "outputs": {
    "airflow_uri": {
      "value": "https://69e59dda647c420bb4a9e6f325275669-dot-europe-west2.composer.googleusercontent.com",
      "type": "string"
    },
    "gcs_bucket": {
      "value": "gs://europe-west2-antigravity-co-15ea349e-bucket/dags",
      "type": "string"
    },
    "service_account": {
      "value": "composer-worker-sa@modelling-demo.iam.gserviceaccount.com",
      "type": "string"
    }
  },
  "resources": [
    {
      "mode": "managed",
      "type": "google_composer_environment",
      "name": "antigravity_env",
      "provider": "provider[\"registry.terraform.io/hashicorp/google\"]",
      "instances": [
        {
          "schema_version": 0,
          "attributes": {
            "config": [
              {
                "airflow_uri": "https://69e59dda647c420bb4a9e6f325275669-dot-europe-west2.composer.googleusercontent.com",
                "dag_gcs_prefix": "gs://europe-west2-antigravity-co-15ea349e-bucket/dags",
                "data_retention_config": [
                  {
                    "airflow_metadata_retention_config": [
                      {
                        "retention_days": 60,
                        "retention_mode": "RETENTION_MODE_ENABLED"
                      }
                    ],
                    "task_logs_retention_config": []
                  }
                ],
                "database_config": [],
                "enable_private_builds_only": false,
                "enable_private_environment": false,
                "encryption_config": [
                  {
                    "kms_key_name": ""
                  }
                ],
                "environment_size": "ENVIRONMENT_SIZE_MEDIUM",
                "gke_cluster": "",
                "maintenance_window": [],
                "master_authorized_networks_config": [],
                "node_config": [
                  {
                    "composer_internal_ipv4_cidr_block": "100.64.128.0/20",
                    "composer_network_attachment": "",
                    "disk_size_gb": 0,
                    "enable_ip_masq_agent": false,
                    "ip_allocation_policy": [
                      {
                        "cluster_ipv4_cidr_block": "",
                        "cluster_secondary_range_name": "",
                        "services_ipv4_cidr_block": "",
                        "services_secondary_range_name": "",
                        "use_ip_aliases": false
                      }
                    ],
                    "machine_type": "",
                    "network": "",
                    "oauth_scopes": [],
                    "service_account": "composer-worker-sa@modelling-demo.iam.gserviceaccount.com",
                    "subnetwork": "",
                    "tags": [],
                    "zone": ""
                  }
                ],
                "node_count": 0,
                "private_environment_config": [],
                "recovery_config": [],
                "resilience_mode": "STANDARD_RESILIENCE",
                "software_config": [
                  {
                    "airflow_config_overrides": {},
                    "cloud_data_lineage_integration": [
                      {
                        "enabled": false
                      }
                    ],
                    "env_variables": {
                      "GCP_PROJECT_ID": "modelling-demo",
                      "GCP_SCHEMA": "main"
                    },
                    "image_version": "composer-3-airflow-3.1.7-build.2",
                    "pypi_packages": {
                      "astronomer-cosmos": "~=1.13.1",
                      "dbt-bigquery": "~=1.11.0",
                      "python-dotenv": "~=1.0.1"
                    },
                    "python_version": "",
                    "scheduler_count": 0,
                    "web_server_plugins_mode": "ENABLED"
                  }
                ],
                "web_server_config": [],
                "web_server_network_access_control": [
                  {
                    "allowed_ip_range": [
                      {
                        "description": "Allows access from all IPv4 addresses (default value)",
                        "value": "0.0.0.0/0"
                      },
                      {
                        "description": "Allows access from all IPv6 addresses (default value)",
                        "value": "::0/0"
                      }
                    ]
                  }
                ],
                "workloads_config": [
                  {
                    "dag_processor": [
                      {
                        "count": 1,
                        "cpu": 1,
                        "memory_gb": 4,
                        "storage_gb": 1
                      }
                    ],
                    "scheduler": [
                      {
                        "count": 1,
                        "cpu": 0.5,
                        "memory_gb": 2,
                        "storage_gb": 1
                      }
                    ],
                    "triggerer": [
                      {
                        "count": 1,
                        "cpu": 1,
                        "memory_gb": 2
                      }
                    ],
                    "web_server": [
                      {
                        "cpu": 1,
                        "memory_gb": 4,
                        "storage_gb": 1
                      }
                    ],
                    "worker": [
                      {
                        "cpu": 0.5,
                        "max_count": 3,
                        "memory_gb": 2.5,
                        "min_count": 1,
                        "storage_gb": 10
                      }
                    ]
                  }
                ]
              }
            ],
            "effective_labels": {
              "goog-terraform-provisioned": "true"
            },
            "id": "projects/modelling-demo/locations/europe-west2/environments/antigravity-composer",
            "labels": {},
            "name": "antigravity-composer",
            "project": "modelling-demo",
            "region": "europe-west2",
            "storage_config": [
              {
                "bucket": "europe-west2-antigravity-co-15ea349e-bucket"
              }
            ],
            "terraform_labels": {
              "goog-terraform-provisioned": "true"
            },
            "timeouts": null
          },
          "sensitive_attributes": [],
          "identity_schema_version": 0,
          "private": "eyJlMmJmYjczMC1lY2FhLTExZTYtOGY4OC0zNDM2M2JjN2M0YzAiOnsiY3JlYXRlIjo3MjAwMDAwMDAwMDAwLCJkZWxldGUiOjE4MDAwMDAwMDAwMDAsInVwZGF0ZSI6NzIwMDAwMDAwMDAwMH19",
          "dependencies": [
            "google_project_iam_member.composer_worker",
            "google_project_service.composer_api",
            "google_service_account.composer_sa"
          ]
        }
      ]
    },
    {
      "mode": "managed",
      "type": "google_project_iam_member",
      "name": "bq_data_editor",
      "provider": "provider[\"registry.terraform.io/hashicorp/google\"]",
      "instances": [
        {
          "schema_version": 0,
          "attributes": {
            "condition": [],
            "etag": "BwZOA8jXo74=",
            "id": "modelling-demo/roles/bigquery.dataEditor/serviceAccount:composer-worker-sa@modelling-demo.iam.gserviceaccount.com",
            "member": "serviceAccount:composer-worker-sa@modelling-demo.iam.gserviceaccount.com",
            "project": "modelling-demo",
            "role": "roles/bigquery.dataEditor"
          },
          "sensitive_attributes": [],
          "identity_schema_version": 0,
          "private": "bnVsbA==",
          "dependencies": [
            "google_service_account.composer_sa"
          ]
        }
      ]
    },
    {
      "mode": "managed",
      "type": "google_project_iam_member",
      "name": "bq_job_user",
      "provider": "provider[\"registry.terraform.io/hashicorp/google\"]",
      "instances": [
        {
          "schema_version": 0,
          "attributes": {
            "condition": [],
            "etag": "BwZOA8jXo74=",
            "id": "modelling-demo/roles/bigquery.jobUser/serviceAccount:composer-worker-sa@modelling-demo.iam.gserviceaccount.com",
            "member": "serviceAccount:composer-worker-sa@modelling-demo.iam.gserviceaccount.com",
            "project": "modelling-demo",
            "role": "roles/bigquery.jobUser"
          },
          "sensitive_attributes": [],
          "identity_schema_version": 0,
          "private": "bnVsbA==",
          "dependencies": [
            "google_service_account.composer_sa"
          ]
        }
      ]
    },
    {
      "mode": "managed",
      "type": "google_project_iam_member",
      "name": "composer_worker",
      "provider": "provider[\"registry.terraform.io/hashicorp/google\"]",
      "instances": [
        {
          "schema_version": 0,
          "attributes": {
            "condition": [],
            "etag": "BwZN/3eZmxM=",
            "id": "modelling-demo/roles/composer.worker/serviceAccount:composer-worker-sa@modelling-demo.iam.gserviceaccount.com",
            "member": "serviceAccount:composer-worker-sa@modelling-demo.iam.gserviceaccount.com",
            "project": "modelling-demo",
            "role": "roles/composer.worker"
          },
          "sensitive_attributes": [],
          "identity_schema_version": 0,
          "private": "bnVsbA==",
          "dependencies": [
            "google_service_account.composer_sa"
          ]
        }
      ]
    },
    {
      "mode": "managed",
      "type": "google_project_service",
      "name": "composer_api",
      "provider": "provider[\"registry.terraform.io/hashicorp/google\"]",
      "instances": [
        {
          "schema_version": 0,
          "attributes": {
            "disable_dependent_services": null,
            "disable_on_destroy": false,
            "id": "modelling-demo/composer.googleapis.com",
            "project": "modelling-demo",
            "service": "composer.googleapis.com",
            "timeouts": null
          },
          "sensitive_attributes": [],
          "identity_schema_version": 0,
          "private": "eyJlMmJmYjczMC1lY2FhLTExZTYtOGY4OC0zNDM2M2JjN2M0YzAiOnsiY3JlYXRlIjoxMjAwMDAwMDAwMDAwLCJkZWxldGUiOjEyMDAwMDAwMDAwMDAsInJlYWQiOjYwMDAwMDAwMDAwMCwidXBkYXRlIjoxMjAwMDAwMDAwMDAwfX0="
        }
      ]
    },
    {
      "mode": "managed",
      "type": "google_service_account",
      "name": "composer_sa",
      "provider": "provider[\"registry.terraform.io/hashicorp/google\"]",
      "instances": [
        {
          "schema_version": 0,
          "attributes": {
            "account_id": "composer-worker-sa",
            "create_ignore_already_exists": null,
            "description": "",
            "disabled": false,
            "display_name": "Composer Worker Service Account",
            "email": "composer-worker-sa@modelling-demo.iam.gserviceaccount.com",
            "id": "projects/modelling-demo/serviceAccounts/composer-worker-sa@modelling-demo.iam.gserviceaccount.com",
            "member": "serviceAccount:composer-worker-sa@modelling-demo.iam.gserviceaccount.com",
            "name": "projects/modelling-demo/serviceAccounts/composer-worker-sa@modelling-demo.iam.gserviceaccount.com",
            "project": "modelling-demo",
            "timeouts": null,
            "unique_id": "115110678389556529858"
          },
          "sensitive_attributes": [],
          "identity_schema_version": 0,
          "private": "eyJlMmJmYjczMC1lY2FhLTExZTYtOGY4OC0zNDM2M2JjN2M0YzAiOnsiY3JlYXRlIjozMDAwMDAwMDAwMDB9fQ=="
        }
      ]
    }
  ],
  "check_results": null
}
